
Microsoft Visual Studio Solution File, Format Version 12.00
# Visual Studio Version 16
VisualStudioVersion = 16.0.30517.126
MinimumVisualStudioVersion = 10.0.40219.1
Project("{FAE04EC0-301F-11D3-BF4B-00C04F79EFBC}") = "SavingDataWithStoredprocedures", "SavingDataWithStoredprocedures\SavingDataWithStoredprocedures.csproj", "{283A72F9-C0A7-431A-BB3A-8BD0D4726DA7}"
EndProject
Global
	GlobalSection(SolutionConfigurationPlatforms) = preSolution
		Debug|Any CPU = Debug|Any CPU
		Release|Any CPU = Release|Any CPU
	EndGlobalSection
	GlobalSection(ProjectConfigurationPlatforms) = postSolution
		{283A72F9-C0A7-431A-BB3A-8BD0D4726DA7}.Debug|Any CPU.ActiveCfg = Debug|Any CPU
		{283A72F9-C0A7-431A-BB3A-8BD0D4726DA7}.Debug|Any CPU.Build.0 = Debug|Any CPU
		{283A72F9-C0A7-431A-BB3A-8BD0D4726DA7}.Release|Any CPU.ActiveCfg = Release|Any CPU
		{283A72F9-C0A7-431A-BB3A-8BD0D4726DA7}.Release|Any CPU.Build.0 = Release|Any CPU
	EndGlobalSection
	GlobalSection(SolutionProperties) = preSolution
		HideSolutionNode = FALSE
	EndGlobalSection
	GlobalSection(ExtensibilityGlobals) = postSolution
		SolutionGuid = {55286A6D-3888-42CB-A9E5-3CA32566B046}
	EndGlobalSection
EndGlobal
